{
  "name": "batch",
  "version": "1.0.0",
  "lockfileVersion": 1,
  "requires": true,
  "dependencies": {
    "@aws-crypto/ie11-detection": {
      "version": "2.0.0",
      "resolved": "https://registry.npmjs.org/@aws-crypto/ie11-detection/-/ie11-detection-2.0.0.tgz",
      "integrity": "sha512-pkVXf/dq6PITJ0jzYZ69VhL8VFOFoPZLZqtU/12SGnzYuJOOGNfF41q9GxdI1yqC8R13Rq3jOLKDFpUJFT5eTA==",
      "requires": {
        "tslib": "^1.11.1"
      },
      "dependencies": {
        "tslib": {
          "version": "1.14.1",
          "resolved": "https://registry.npmjs.org/tslib/-/tslib-1.14.1.tgz",
          "integrity": "sha512-Xni35NKzjgMrwevysHTCArtLDpPvye8zV/0E4EyYn43P7/7qvQwPh9BGkHewbMulVntbigmcT7rdX3BNo9wRJg=="
        }
      }
    },
    "@aws-crypto/sha256-browser": {
      "version": "2.0.0",
      "resolved": "https://registry.npmjs.org/@aws-crypto/sha256-browser/-/sha256-browser-2.0.0.tgz",
      "integrity": "sha512-rYXOQ8BFOaqMEHJrLHul/25ckWH6GTJtdLSajhlqGMx0PmSueAuvboCuZCTqEKlxR8CQOwRarxYMZZSYlhRA1A==",
      "requires": {
        "@aws-crypto/ie11-detection": "^2.0.0",
        "@aws-crypto/sha256-js": "^2.0.0",
        "@aws-crypto/supports-web-crypto": "^2.0.0",
        "@aws-crypto/util": "^2.0.0",
        "@aws-sdk/types": "^3.1.0",
        "@aws-sdk/util-locate-window": "^3.0.0",
        "@aws-sdk/util-utf8-browser": "^3.0.0",
        "tslib": "^1.11.1"
      },
      "dependencies": {
        "tslib": {
          "version": "1.14.1",
          "resolved": "https://registry.npmjs.org/tslib/-/tslib-1.14.1.tgz",
          "integrity": "sha512-Xni35NKzjgMrwevysHTCArtLDpPvye8zV/0E4EyYn43P7/7qvQwPh9BGkHewbMulVntbigmcT7rdX3BNo9wRJg=="
        }
      }
    },
    "@aws-crypto/sha256-js": {
      "version": "2.0.0",
      "resolved": "https://registry.npmjs.org/@aws-crypto/sha256-js/-/sha256-js-2.0.0.tgz",
      "integrity": "sha512-VZY+mCY4Nmrs5WGfitmNqXzaE873fcIZDu54cbaDaaamsaTOP1DBImV9F4pICc3EHjQXujyE8jig+PFCaew9ig==",
      "requires": {
        "@aws-crypto/util": "^2.0.0",
        "@aws-sdk/types": "^3.1.0",
        "tslib": "^1.11.1"
      },
      "dependencies": {
        "tslib": {
          "version": "1.14.1",
          "resolved": "https://registry.npmjs.org/tslib/-/tslib-1.14.1.tgz",
          "integrity": "sha512-Xni35NKzjgMrwevysHTCArtLDpPvye8zV/0E4EyYn43P7/7qvQwPh9BGkHewbMulVntbigmcT7rdX3BNo9wRJg=="
        }
      }
    },
    "@aws-crypto/supports-web-crypto": {
      "version": "2.0.0",
      "resolved": "https://registry.npmjs.org/@aws-crypto/supports-web-crypto/-/supports-web-crypto-2.0.0.tgz",
      "integrity": "sha512-Ge7WQ3E0OC7FHYprsZV3h0QIcpdyJLvIeg+uTuHqRYm8D6qCFJoiC+edSzSyFiHtZf+NOQDJ1q46qxjtzIY2nA==",
      "requires": {
        "tslib": "^1.11.1"
      },
      "dependencies": {
        "tslib": {
          "version": "1.14.1",
          "resolved": "https://registry.npmjs.org/tslib/-/tslib-1.14.1.tgz",
          "integrity": "sha512-Xni35NKzjgMrwevysHTCArtLDpPvye8zV/0E4EyYn43P7/7qvQwPh9BGkHewbMulVntbigmcT7rdX3BNo9wRJg=="
        }
      }
    },
    "@aws-crypto/util": {
      "version": "2.0.1",
      "resolved": "https://registry.npmjs.org/@aws-crypto/util/-/util-2.0.1.tgz",
      "integrity": "sha512-JJmFFwvbm08lULw4Nm5QOLg8+lAQeC8aCXK5xrtxntYzYXCGfHwUJ4Is3770Q7HmICsXthGQ+ZsDL7C2uH3yBQ==",
      "requires": {
        "@aws-sdk/types": "^3.1.0",
        "@aws-sdk/util-utf8-browser": "^3.0.0",
        "tslib": "^1.11.1"
      },
      "dependencies": {
        "tslib": {
          "version": "1.14.1",
          "resolved": "https://registry.npmjs.org/tslib/-/tslib-1.14.1.tgz",
          "integrity": "sha512-Xni35NKzjgMrwevysHTCArtLDpPvye8zV/0E4EyYn43P7/7qvQwPh9BGkHewbMulVntbigmcT7rdX3BNo9wRJg=="
        }
      }
    },
    "@aws-sdk/abort-controller": {
      "version": "3.162.0",
      "resolved": "https://registry.npmjs.org/@aws-sdk/abort-controller/-/abort-controller-3.162.0.tgz",
      "integrity": "sha512-8j1f/g+pNny3HkOojl+6phwd1yQE0FmM6EdssRJPA/IpR+SE0qTva2psKfZA9DivAg+/iTBozVCQU5GUJY1F2A==",
      "requires": {
        "@aws-sdk/types": "3.162.0",
        "tslib": "^2.3.1"
      }
    },
    "@aws-sdk/client-dynamodb": {
      "version": "3.163.0",
      "resolved": "https://registry.npmjs.org/@aws-sdk/client-dynamodb/-/client-dynamodb-3.163.0.tgz",
      "integrity": "sha512-NALw3nejI4e8pYucHchYz3RyxREvr58w3FhcmmTp0u9FA4zfRN4D0+tHexdBlMGuKkdY1niSPXXDq+qefxudyA==",
      "requires": {
        "@aws-crypto/sha256-browser": "2.0.0",
        "@aws-crypto/sha256-js": "2.0.0",
        "@aws-sdk/client-sts": "3.163.0",
        "@aws-sdk/config-resolver": "3.163.0",
        "@aws-sdk/credential-provider-node": "3.163.0",
        "@aws-sdk/fetch-http-handler": "3.162.0",
        "@aws-sdk/hash-node": "3.162.0",
        "@aws-sdk/invalid-dependency": "3.162.0",
        "@aws-sdk/middleware-content-length": "3.162.0",
        "@aws-sdk/middleware-endpoint-discovery": "3.163.0",
        "@aws-sdk/middleware-host-header": "3.162.0",
        "@aws-sdk/middleware-logger": "3.162.0",
        "@aws-sdk/middleware-recursion-detection": "3.162.0",
        "@aws-sdk/middleware-retry": "3.162.0",
        "@aws-sdk/middleware-serde": "3.162.0",
        "@aws-sdk/middleware-signing": "3.163.0",
        "@aws-sdk/middleware-stack": "3.162.0",
        "@aws-sdk/middleware-user-agent": "3.162.0",
        "@aws-sdk/node-config-provider": "3.162.0",
        "@aws-sdk/node-http-handler": "3.162.0",
        "@aws-sdk/protocol-http": "3.162.0",
        "@aws-sdk/smithy-client": "3.162.0",
        "@aws-sdk/types": "3.162.0",
        "@aws-sdk/url-parser": "3.162.0",
        "@aws-sdk/util-base64-browser": "3.109.0",
        "@aws-sdk/util-base64-node": "3.55.0",
        "@aws-sdk/util-body-length-browser": "3.154.0",
        "@aws-sdk/util-body-length-node": "3.55.0",
        "@aws-sdk/util-defaults-mode-browser": "3.162.0",
        "@aws-sdk/util-defaults-mode-node": "3.163.0",
        "@aws-sdk/util-user-agent-browser": "3.162.0",
        "@aws-sdk/util-user-agent-node": "3.162.0",
        "@aws-sdk/util-utf8-browser": "3.109.0",
        "@aws-sdk/util-utf8-node": "3.109.0",
        "@aws-sdk/util-waiter": "3.162.0",
        "tslib": "^2.3.1",
        "uuid": "^8.3.2"
      }
    },
    "@aws-sdk/client-sso": {
      "version": "3.163.0",
      "resolved": "https://registry.npmjs.org/@aws-sdk/client-sso/-/client-sso-3.163.0.tgz",
      "integrity": "sha512-qWVDIhHwrGQf+vu+y/6Yq/YaWwdp8wa3OhX5JbaU5aBEoRYVAMEZX/srHKcfGR4Lu9lHoUZcXp3XnKugZiN49g==",
      "requires": {
        "@aws-crypto/sha256-browser": "2.0.0",
        "@aws-crypto/sha256-js": "2.0.0",
        "@aws-sdk/config-resolver": "3.163.0",
        "@aws-sdk/fetch-http-handler": "3.162.0",
        "@aws-sdk/hash-node": "3.162.0",
        "@aws-sdk/invalid-dependency": "3.162.0",
        "@aws-sdk/middleware-content-length": "3.162.0",
        "@aws-sdk/middleware-host-header": "3.162.0",
        "@aws-sdk/middleware-logger": "3.162.0",
        "@aws-sdk/middleware-recursion-detection": "3.162.0",
        "@aws-sdk/middleware-retry": "3.162.0",
        "@aws-sdk/middleware-serde": "3.162.0",
        "@aws-sdk/middleware-stack": "3.162.0",
        "@aws-sdk/middleware-user-agent": "3.162.0",
        "@aws-sdk/node-config-provider": "3.162.0",
        "@aws-sdk/node-http-handler": "3.162.0",
        "@aws-sdk/protocol-http": "3.162.0",
        "@aws-sdk/smithy-client": "3.162.0",
        "@aws-sdk/types": "3.162.0",
        "@aws-sdk/url-parser": "3.162.0",
        "@aws-sdk/util-base64-browser": "3.109.0",
        "@aws-sdk/util-base64-node": "3.55.0",
        "@aws-sdk/util-body-length-browser": "3.154.0",
        "@aws-sdk/util-body-length-node": "3.55.0",
        "@aws-sdk/util-defaults-mode-browser": "3.162.0",
        "@aws-sdk/util-defaults-mode-node": "3.163.0",
        "@aws-sdk/util-user-agent-browser": "3.162.0",
        "@aws-sdk/util-user-agent-node": "3.162.0",
        "@aws-sdk/util-utf8-browser": "3.109.0",
        "@aws-sdk/util-utf8-node": "3.109.0",
        "tslib": "^2.3.1"
      }
    },
    "@aws-sdk/client-sts": {
      "version": "3.163.0",
      "resolved": "https://registry.npmjs.org/@aws-sdk/client-sts/-/client-sts-3.163.0.tgz",
      "integrity": "sha512-gm0dzuy+qE61F0W8YYGeSQzY9Bn0O+K6LMcwxJhsOkN8drzEe3KJqEIfSSrYBgUoSc5+qvzwmXpC1W9hb8D1ZA==",
      "requires": {
        "@aws-crypto/sha256-browser": "2.0.0",
        "@aws-crypto/sha256-js": "2.0.0",
        "@aws-sdk/config-resolver": "3.163.0",
        "@aws-sdk/credential-provider-node": "3.163.0",
        "@aws-sdk/fetch-http-handler": "3.162.0",
        "@aws-sdk/hash-node": "3.162.0",
        "@aws-sdk/invalid-dependency": "3.162.0",
        "@aws-sdk/middleware-content-length": "3.162.0",
        "@aws-sdk/middleware-host-header": "3.162.0",
        "@aws-sdk/middleware-logger": "3.162.0",
        "@aws-sdk/middleware-recursion-detection": "3.162.0",
        "@aws-sdk/middleware-retry": "3.162.0",
        "@aws-sdk/middleware-sdk-sts": "3.163.0",
        "@aws-sdk/middleware-serde": "3.162.0",
        "@aws-sdk/middleware-signing": "3.163.0",
        "@aws-sdk/middleware-stack": "3.162.0",
        "@aws-sdk/middleware-user-agent": "3.162.0",
        "@aws-sdk/node-config-provider": "3.162.0",
        "@aws-sdk/node-http-handler": "3.162.0",
        "@aws-sdk/protocol-http": "3.162.0",
        "@aws-sdk/smithy-client": "3.162.0",
        "@aws-sdk/types": "3.162.0",
        "@aws-sdk/url-parser": "3.162.0",
        "@aws-sdk/util-base64-browser": "3.109.0",
        "@aws-sdk/util-base64-node": "3.55.0",
        "@aws-sdk/util-body-length-browser": "3.154.0",
        "@aws-sdk/util-body-length-node": "3.55.0",
        "@aws-sdk/util-defaults-mode-browser": "3.162.0",
        "@aws-sdk/util-defaults-mode-node": "3.163.0",
        "@aws-sdk/util-user-agent-browser": "3.162.0",
        "@aws-sdk/util-user-agent-node": "3.162.0",
        "@aws-sdk/util-utf8-browser": "3.109.0",
        "@aws-sdk/util-utf8-node": "3.109.0",
        "entities": "2.2.0",
        "fast-xml-parser": "3.19.0",
        "tslib": "^2.3.1"
      }
    },
    "@aws-sdk/config-resolver": {
      "version": "3.163.0",
      "resolved": "https://registry.npmjs.org/@aws-sdk/config-resolver/-/config-resolver-3.163.0.tgz",
      "integrity": "sha512-iBl5Zc3+VRGJy6n+aMcg++7tzYi4G1bHia6v/eF93SvdKxtRv40M9QnqoNfaNUuw9U2ltwKOHepw7J3bkOA8cQ==",
      "requires": {
        "@aws-sdk/signature-v4": "3.163.0",
        "@aws-sdk/types": "3.162.0",
        "@aws-sdk/util-config-provider": "3.109.0",
        "@aws-sdk/util-middleware": "3.162.0",
        "tslib": "^2.3.1"
      }
    },
    "@aws-sdk/credential-provider-env": {
      "version": "3.162.0",
      "resolved": "https://registry.npmjs.org/@aws-sdk/credential-provider-env/-/credential-provider-env-3.162.0.tgz",
      "integrity": "sha512-yzCJXiAAbZZHB4iThi4I+rs+gTYwBSetdU4Z1D89a2xjcOjCa8IhdQKm3GO/uJMScy4VtW3EEFG4/zZ7dVQPOw==",
      "requires": {
        "@aws-sdk/property-provider": "3.162.0",
        "@aws-sdk/types": "3.162.0",
        "tslib": "^2.3.1"
      }
    },
    "@aws-sdk/credential-provider-imds": {
      "version": "3.162.0",
      "resolved": "https://registry.npmjs.org/@aws-sdk/credential-provider-imds/-/credential-provider-imds-3.162.0.tgz",
      "integrity": "sha512-ohrHMIu2MNauPjbE8mEMKtlEQH/VZdpNswPigaEejUGVumz0NSft9PlIn2X79sNX5Y+uXopynMQF4MZj773hTw==",
      "requires": {
        "@aws-sdk/node-config-provider": "3.162.0",
        "@aws-sdk/property-provider": "3.162.0",
        "@aws-sdk/types": "3.162.0",
        "@aws-sdk/url-parser": "3.162.0",
        "tslib": "^2.3.1"
      }
    },
    "@aws-sdk/credential-provider-ini": {
      "version": "3.163.0",
      "resolved": "https://registry.npmjs.org/@aws-sdk/credential-provider-ini/-/credential-provider-ini-3.163.0.tgz",
      "integrity": "sha512-i6WF+Q00MKzFnzVqQie0xDCVq0JtAxq9UA0lCHOAtKwIvQXTZka/Ya3oII0cn9I3avCZLcI/SYZc9lmVEiJfDg==",
      "requires": {
        "@aws-sdk/credential-provider-env": "3.162.0",
        "@aws-sdk/credential-provider-imds": "3.162.0",
        "@aws-sdk/credential-provider-sso": "3.163.0",
        "@aws-sdk/credential-provider-web-identity": "3.162.0",
        "@aws-sdk/property-provider": "3.162.0",
        "@aws-sdk/shared-ini-file-loader": "3.162.0",
        "@aws-sdk/types": "3.162.0",
        "tslib": "^2.3.1"
      }
    },
    "@aws-sdk/credential-provider-node": {
      "version": "3.163.0",
      "resolved": "https://registry.npmjs.org/@aws-sdk/credential-provider-node/-/credential-provider-node-3.163.0.tgz",
      "integrity": "sha512-43Fp3YyfgK8M+yEpzxUXUWwGzG4AEpd+4IO5CBna0ZnrNX+x7JbZTUXfSopkPkMnZeudgjHvNF6/Vr7v9pOSkw==",
      "requires": {
        "@aws-sdk/credential-provider-env": "3.162.0",
        "@aws-sdk/credential-provider-imds": "3.162.0",
        "@aws-sdk/credential-provider-ini": "3.163.0",
        "@aws-sdk/credential-provider-process": "3.162.0",
        "@aws-sdk/credential-provider-sso": "3.163.0",
        "@aws-sdk/credential-provider-web-identity": "3.162.0",
        "@aws-sdk/property-provider": "3.162.0",
        "@aws-sdk/shared-ini-file-loader": "3.162.0",
        "@aws-sdk/types": "3.162.0",
        "tslib": "^2.3.1"
      }
    },
    "@aws-sdk/credential-provider-process": {
      "version": "3.162.0",
      "resolved": "https://registry.npmjs.org/@aws-sdk/credential-provider-process/-/credential-provider-process-3.162.0.tgz",
      "integrity": "sha512-KtmYjlCMAa0XF3IJo4dxSF+OWmRoHbrdEHGEZw+j6iCZ3Nz6Y6xCsdxun5rAKdom1QRNMDR4wX0hRAdPYobW2w==",
      "requires": {
        "@aws-sdk/property-provider": "3.162.0",
        "@aws-sdk/shared-ini-file-loader": "3.162.0",
        "@aws-sdk/types": "3.162.0",
        "tslib": "^2.3.1"
      }
    },
    "@aws-sdk/credential-provider-sso": {
      "version": "3.163.0",
      "resolved": "https://registry.npmjs.org/@aws-sdk/credential-provider-sso/-/credential-provider-sso-3.163.0.tgz",
      "integrity": "sha512-VbmxP4Z0sxqBzbqs5u86/5q2PG3xzTClOWE1aUWoiBLqDRkO3+4lpLUKD0lwh9Ot3Ai/pT2KYDgxkRBXrfA/bA==",
      "requires": {
        "@aws-sdk/client-sso": "3.163.0",
        "@aws-sdk/property-provider": "3.162.0",
        "@aws-sdk/shared-ini-file-loader": "3.162.0",
        "@aws-sdk/types": "3.162.0",
        "tslib": "^2.3.1"
      }
    },
    "@aws-sdk/credential-provider-web-identity": {
      "version": "3.162.0",
      "resolved": "https://registry.npmjs.org/@aws-sdk/credential-provider-web-identity/-/credential-provider-web-identity-3.162.0.tgz",
      "integrity": "sha512-vy86OS5/h+Vfk1bxvWjbayyUtFNdwU+mfALin3zxJbFqneSxRBydNBomt/guJjapZE+h865lkteyOsqsYMskzQ==",
      "requires": {
        "@aws-sdk/property-provider": "3.162.0",
        "@aws-sdk/types": "3.162.0",
        "tslib": "^2.3.1"
      }
    },
    "@aws-sdk/endpoint-cache": {
      "version": "3.55.0",
      "resolved": "https://registry.npmjs.org/@aws-sdk/endpoint-cache/-/endpoint-cache-3.55.0.tgz",
      "integrity": "sha512-kxDoHFDuQwZEEUZRp+ZLOg68EXuKPzUN86DcpIZantDVcmu7MSPTbbQp9DZd8MnKVEKCP7Sop5f7zCqOPl3LXw==",
      "requires": {
        "mnemonist": "0.38.3",
        "tslib": "^2.3.1"
      }
    },
    "@aws-sdk/fetch-http-handler": {
      "version": "3.162.0",
      "resolved": "https://registry.npmjs.org/@aws-sdk/fetch-http-handler/-/fetch-http-handler-3.162.0.tgz",
      "integrity": "sha512-DZLxxEqSMXqKteYohO4w6uoORabpETWso6wBdIFMul1BbEseqLjub1594D5RA18cqkcM2dV4ttw+boPPzOjSAw==",
      "requires": {
        "@aws-sdk/protocol-http": "3.162.0",
        "@aws-sdk/querystring-builder": "3.162.0",
        "@aws-sdk/types": "3.162.0",
        "@aws-sdk/util-base64-browser": "3.109.0",
        "tslib": "^2.3.1"
      }
    },
    "@aws-sdk/hash-node": {
      "version": "3.162.0",
      "resolved": "https://registry.npmjs.org/@aws-sdk/hash-node/-/hash-node-3.162.0.tgz",
      "integrity": "sha512-lfyyAb0Cd084QnUNLTkYowD8RW3L5Tb9lNnIMH6HY7uSE/obw1j/OnLUPqpey628WJ5DPyyvNBah3Vu+JVZ5Mw==",
      "requires": {
        "@aws-sdk/types": "3.162.0",
        "@aws-sdk/util-buffer-from": "3.55.0",
        "tslib": "^2.3.1"
      }
    },
    "@aws-sdk/invalid-dependency": {
      "version": "3.162.0",
      "resolved": "https://registry.npmjs.org/@aws-sdk/invalid-dependency/-/invalid-dependency-3.162.0.tgz",
      "integrity": "sha512-ENZ7Jf2EcxMMdAX9/sRrt/1rzeA2WwqAKrjIacKGT9KEGQNU+omWF/h+8stLCu0Uxcg0XswFXgQCXcI1IQuZjg==",
      "requires": {
        "@aws-sdk/types": "3.162.0",
        "tslib": "^2.3.1"
      }
    },
    "@aws-sdk/is-array-buffer": {
      "version": "3.55.0",
      "resolved": "https://registry.npmjs.org/@aws-sdk/is-array-buffer/-/is-array-buffer-3.55.0.tgz",
      "integrity": "sha512-NbiPHVYuPxdqdFd6FxzzN3H1BQn/iWA3ri3Ry7AyLeP/tGs1yzEWMwf8BN8TSMALI0GXT6Sh0GDWy3Ok5xB6DA==",
      "requires": {
        "tslib": "^2.3.1"
      }
    },
    "@aws-sdk/middleware-content-length": {
      "version": "3.162.0",
      "resolved": "https://registry.npmjs.org/@aws-sdk/middleware-content-length/-/middleware-content-length-3.162.0.tgz",
      "integrity": "sha512-gwuxHPBNNkr9Ah9gTNHqJ3uIp3zeY+VC2H810+RqkG5QrxU1bGAN/zezIIbcAlXjMM9vTSfO0rxGI04nhTx0BQ==",
      "requires": {
        "@aws-sdk/protocol-http": "3.162.0",
        "@aws-sdk/types": "3.162.0",
        "tslib": "^2.3.1"
      }
    },
    "@aws-sdk/middleware-endpoint-discovery": {
      "version": "3.163.0",
      "resolved": "https://registry.npmjs.org/@aws-sdk/middleware-endpoint-discovery/-/middleware-endpoint-discovery-3.163.0.tgz",
      "integrity": "sha512-RMIM5JOm6j8xeO4CWxFiodxFMsic/SFbX3PRQh4FNBTk95E+x7hovQ/q+p/UR0DGZTjhSDVNku64n/tlEuPvtQ==",
      "requires": {
        "@aws-sdk/config-resolver": "3.163.0",
        "@aws-sdk/endpoint-cache": "3.55.0",
        "@aws-sdk/protocol-http": "3.162.0",
        "@aws-sdk/types": "3.162.0",
        "tslib": "^2.3.1"
      }
    },
    "@aws-sdk/middleware-host-header": {
      "version": "3.162.0",
      "resolved": "https://registry.npmjs.org/@aws-sdk/middleware-host-header/-/middleware-host-header-3.162.0.tgz",
      "integrity": "sha512-gw5xe22P62N9yZPvrVXewM2vp70w9mLRWC1vh6pRDs0hEudAlsbXoWjB/z6jpG6ucA4Y1IOuXy5yGr9lND+zhg==",
      "requires": {
        "@aws-sdk/protocol-http": "3.162.0",
        "@aws-sdk/types": "3.162.0",
        "tslib": "^2.3.1"
      }
    },
    "@aws-sdk/middleware-logger": {
      "version": "3.162.0",
      "resolved": "https://registry.npmjs.org/@aws-sdk/middleware-logger/-/middleware-logger-3.162.0.tgz",
      "integrity": "sha512-3YysLwpTZdfZkve2ytKFIwEc/WqDkxoI5kUXQq2hjsHAjLW7pEhUV00o+LJbgKjNxh38eSmmKeFlr5jnIjXHiQ==",
      "requires": {
        "@aws-sdk/types": "3.162.0",
        "tslib": "^2.3.1"
      }
    },
    "@aws-sdk/middleware-recursion-detection": {
      "version": "3.162.0",
      "resolved": "https://registry.npmjs.org/@aws-sdk/middleware-recursion-detection/-/middleware-recursion-detection-3.162.0.tgz",
      "integrity": "sha512-AqoTnSX0JgoFuKPyWy0S+WUJqgfkVz6Os50azi32snjHmluEgLOmfeF0ixfxGFUVGxZp8WDuu/JVhwgTRKVuUA==",
      "requires": {
        "@aws-sdk/protocol-http": "3.162.0",
        "@aws-sdk/types": "3.162.0",
        "tslib": "^2.3.1"
      }
    },
    "@aws-sdk/middleware-retry": {
      "version": "3.162.0",
      "resolved": "https://registry.npmjs.org/@aws-sdk/middleware-retry/-/middleware-retry-3.162.0.tgz",
      "integrity": "sha512-9ZuTim8tnTgP7wNgj+RIdYzGhNgou6QBBX85qMIvngksRUgsd1CGR17HQTyYDZTKlZs7GvLt/L5FaJcOlpPUxA==",
      "requires": {
        "@aws-sdk/protocol-http": "3.162.0",
        "@aws-sdk/service-error-classification": "3.162.0",
        "@aws-sdk/types": "3.162.0",
        "@aws-sdk/util-middleware": "3.162.0",
        "tslib": "^2.3.1",
        "uuid": "^8.3.2"
      }
    },
    "@aws-sdk/middleware-sdk-sts": {
      "version": "3.163.0",
      "resolved": "https://registry.npmjs.org/@aws-sdk/middleware-sdk-sts/-/middleware-sdk-sts-3.163.0.tgz",
      "integrity": "sha512-3UV0O5D3HPF5xHsIrDiygs06wmGVnoAXsyrqcZSPkYig9eGP6lTL1I8YS8JIG9/VojQDKjDUpQZMC3Om0+C7hA==",
      "requires": {
        "@aws-sdk/middleware-signing": "3.163.0",
        "@aws-sdk/property-provider": "3.162.0",
        "@aws-sdk/protocol-http": "3.162.0",
        "@aws-sdk/signature-v4": "3.163.0",
        "@aws-sdk/types": "3.162.0",
        "tslib": "^2.3.1"
      }
    },
    "@aws-sdk/middleware-serde": {
      "version": "3.162.0",
      "resolved": "https://registry.npmjs.org/@aws-sdk/middleware-serde/-/middleware-serde-3.162.0.tgz",
      "integrity": "sha512-Vdgxbl7/o99CjeljQx3mTpY4cX7rc8YQykD49L2S61D6+Gkk9Zc4DMvaJDcxvR7ZUzRwjMTcMHlxbopcp1+UBA==",
      "requires": {
        "@aws-sdk/types": "3.162.0",
        "tslib": "^2.3.1"
      }
    },
    "@aws-sdk/middleware-signing": {
      "version": "3.163.0",
      "resolved": "https://registry.npmjs.org/@aws-sdk/middleware-signing/-/middleware-signing-3.163.0.tgz",
      "integrity": "sha512-Uj5vdejYUJOCJAx5u/SHWQTp75bd7GVqnXazO3QFHRjhSCMT55wsm8D+7LKRNbp4SjavO49m9kubXf+pLpqlJQ==",
      "requires": {
        "@aws-sdk/property-provider": "3.162.0",
        "@aws-sdk/protocol-http": "3.162.0",
        "@aws-sdk/signature-v4": "3.163.0",
        "@aws-sdk/types": "3.162.0",
        "tslib": "^2.3.1"
      }
    },
    "@aws-sdk/middleware-stack": {
      "version": "3.162.0",
      "resolved": "https://registry.npmjs.org/@aws-sdk/middleware-stack/-/middleware-stack-3.162.0.tgz",
      "integrity": "sha512-e/by4QvDl9qMQHdBnLz6n8PRglswPb3eS23qT2Wt32KVLUehMUGAf1cdns6YmYSHATK/ivFmT2QHHEnNIc+n5w==",
      "requires": {
        "tslib": "^2.3.1"
      }
    },
    "@aws-sdk/middleware-user-agent": {
      "version": "3.162.0",
      "resolved": "https://registry.npmjs.org/@aws-sdk/middleware-user-agent/-/middleware-user-agent-3.162.0.tgz",
      "integrity": "sha512-aSCQk+oQbMPVHdncuend4jmd4MguLWjvi67OwKqdZjIKsSQfObCO8vwlfDM+ED3HcOfA0LwSxsFeSfQxC+WHxA==",
      "requires": {
        "@aws-sdk/protocol-http": "3.162.0",
        "@aws-sdk/types": "3.162.0",
        "tslib": "^2.3.1"
      }
    },
    "@aws-sdk/node-config-provider": {
      "version": "3.162.0",
      "resolved": "https://registry.npmjs.org/@aws-sdk/node-config-provider/-/node-config-provider-3.162.0.tgz",
      "integrity": "sha512-PgaekXCCyz/gKkbukt9zYLBJDEVgmCm0l78q5J84yJbu0FhcZY4LaAgCHdzhsgEYWTX497hokzNc3rgLdVu46A==",
      "requires": {
        "@aws-sdk/property-provider": "3.162.0",
        "@aws-sdk/shared-ini-file-loader": "3.162.0",
        "@aws-sdk/types": "3.162.0",
        "tslib": "^2.3.1"
      }
    },
    "@aws-sdk/node-http-handler": {
      "version": "3.162.0",
      "resolved": "https://registry.npmjs.org/@aws-sdk/node-http-handler/-/node-http-handler-3.162.0.tgz",
      "integrity": "sha512-9jNk9SU3nNLZ1OW+fd6zHGdByUDm0FEO3Hy+J62DvbFe16x09TnVnPAoHfZ69kjz5ZNS7Gg0wmdKjUHi9T3lJQ==",
      "requires": {
        "@aws-sdk/abort-controller": "3.162.0",
        "@aws-sdk/protocol-http": "3.162.0",
        "@aws-sdk/querystring-builder": "3.162.0",
        "@aws-sdk/types": "3.162.0",
        "tslib": "^2.3.1"
      }
    },
    "@aws-sdk/property-provider": {
      "version": "3.162.0",
      "resolved": "https://registry.npmjs.org/@aws-sdk/property-provider/-/property-provider-3.162.0.tgz",
      "integrity": "sha512-kQLpibZRIrF58axcKY4Pr17YGoVBKBOWKol8jI8vlDhbFJqn14pVLohv4wZ8TzG2kKhWCF+t25YQCefWz2/lkg==",
      "requires": {
        "@aws-sdk/types": "3.162.0",
        "tslib": "^2.3.1"
      }
    },
    "@aws-sdk/protocol-http": {
      "version": "3.162.0",
      "resolved": "https://registry.npmjs.org/@aws-sdk/protocol-http/-/protocol-http-3.162.0.tgz",
      "integrity": "sha512-xMFFxwcO+x5QoQX/LRGb3BpLCIBWC9cBOULm34rYGBySd/zQqebVJOhiKTPzaRL02WZTDNxsEEQHg97Lpe8CNw==",
      "requires": {
        "@aws-sdk/types": "3.162.0",
        "tslib": "^2.3.1"
      }
    },
    "@aws-sdk/querystring-builder": {
      "version": "3.162.0",
      "resolved": "https://registry.npmjs.org/@aws-sdk/querystring-builder/-/querystring-builder-3.162.0.tgz",
      "integrity": "sha512-3urwxCEpnQwa1B6fKmcr8R2Qmzr8VDttRSay5CgD/stbZ4XUzNsA6G1V36+EL1Vq4vMr1aZhriARioLDlhcz+g==",
      "requires": {
        "@aws-sdk/types": "3.162.0",
        "@aws-sdk/util-uri-escape": "3.55.0",
        "tslib": "^2.3.1"
      }
    },
    "@aws-sdk/querystring-parser": {
      "version": "3.162.0",
      "resolved": "https://registry.npmjs.org/@aws-sdk/querystring-parser/-/querystring-parser-3.162.0.tgz",
      "integrity": "sha512-0ccaGsR1O7e3BsprdYBMwGf8gmycTv1Dfz2EB5R6MiTqzcuQJ/lxpIcRh3jhUJaD1TPlUziyrBEAxtLka3HDDQ==",
      "requires": {
        "@aws-sdk/types": "3.162.0",
        "tslib": "^2.3.1"
      }
    },
    "@aws-sdk/service-error-classification": {
      "version": "3.162.0",
      "resolved": "https://registry.npmjs.org/@aws-sdk/service-error-classification/-/service-error-classification-3.162.0.tgz",
      "integrity": "sha512-AD9XL3CHFzwVWNEzdTo9aRnJl1ImqrRLlJ5zR/5ihTIJ68ZTYEiYP4vNKSCV6UfQ+vaaRNgLwiAx7JXzY54awg=="
    },
    "@aws-sdk/shared-ini-file-loader": {
      "version": "3.162.0",
      "resolved": "https://registry.npmjs.org/@aws-sdk/shared-ini-file-loader/-/shared-ini-file-loader-3.162.0.tgz",
      "integrity": "sha512-AGxISXns+1o6Pw+SPizFJDTw4Lwm+JSwhycCNhFU3JfdLsKfLY08JV4JHlcc+TyY4a8HhnGvE3r5t2f2dPLIsA==",
      "requires": {
        "tslib": "^2.3.1"
      }
    },
    "@aws-sdk/signature-v4": {
      "version": "3.163.0",
      "resolved": "https://registry.npmjs.org/@aws-sdk/signature-v4/-/signature-v4-3.163.0.tgz",
      "integrity": "sha512-1iein+7iAHKcRIXaZhl/lG6JrOR/Qmk27zMqfARzxDF7o/W5arSs3DHIKytO1sOEn9zV6Mqm21dRAumD21VCCg==",
      "requires": {
        "@aws-sdk/is-array-buffer": "3.55.0",
        "@aws-sdk/types": "3.162.0",
        "@aws-sdk/util-hex-encoding": "3.109.0",
        "@aws-sdk/util-middleware": "3.162.0",
        "@aws-sdk/util-uri-escape": "3.55.0",
        "tslib": "^2.3.1"
      }
    },
    "@aws-sdk/smithy-client": {
      "version": "3.162.0",
      "resolved": "https://registry.npmjs.org/@aws-sdk/smithy-client/-/smithy-client-3.162.0.tgz",
      "integrity": "sha512-o7CwdhPvzYMvHY5dTzL2kqN8Zsl2D8pZ1mG2dPdQW9hYnutLOFK1HVv5dIzoSkp3jUwVGh6AXd1i4ZSb2d0LrA==",
      "requires": {
        "@aws-sdk/middleware-stack": "3.162.0",
        "@aws-sdk/types": "3.162.0",
        "tslib": "^2.3.1"
      }
    },
    "@aws-sdk/types": {
      "version": "3.162.0",
      "resolved": "https://registry.npmjs.org/@aws-sdk/types/-/types-3.162.0.tgz",
      "integrity": "sha512-NBmuwVujH8fURDMvBHkHrYu/JAfG6Js/Bu0mC4o2Kdo5mRa3fD/N9kK0dEAxU1Rxp4wY2E++V9j2ZCw1KBGrSg=="
    },
    "@aws-sdk/url-parser": {
      "version": "3.162.0",
      "resolved": "https://registry.npmjs.org/@aws-sdk/url-parser/-/url-parser-3.162.0.tgz",
      "integrity": "sha512-aJQ2awXYDceLAzPMQETpvI1XQd8oYuqH1EriFzXHqoJTNmYnHb7awtKSqwaS8pq48x1rS/eVtJAi85BG93fXyw==",
      "requires": {
        "@aws-sdk/querystring-parser": "3.162.0",
        "@aws-sdk/types": "3.162.0",
        "tslib": "^2.3.1"
      }
    },
    "@aws-sdk/util-base64-browser": {
      "version": "3.109.0",
      "resolved": "https://registry.npmjs.org/@aws-sdk/util-base64-browser/-/util-base64-browser-3.109.0.tgz",
      "integrity": "sha512-lAZ6fyDGiRLaIsKT9qh7P9FGuNyZ4gAbr1YOSQk/5mHtaTuUvxlPptZuInNM/0MPQm6lpcot00D8IWTucn4PbA==",
      "requires": {
        "tslib": "^2.3.1"
      }
    },
    "@aws-sdk/util-base64-node": {
      "version": "3.55.0",
      "resolved": "https://registry.npmjs.org/@aws-sdk/util-base64-node/-/util-base64-node-3.55.0.tgz",
      "integrity": "sha512-UQ/ZuNoAc8CFMpSiRYmevaTsuRKzLwulZTnM8LNlIt9Wx1tpNvqp80cfvVj7yySKROtEi20wq29h31dZf1eYNQ==",
      "requires": {
        "@aws-sdk/util-buffer-from": "3.55.0",
        "tslib": "^2.3.1"
      }
    },
    "@aws-sdk/util-body-length-browser": {
      "version": "3.154.0",
      "resolved": "https://registry.npmjs.org/@aws-sdk/util-body-length-browser/-/util-body-length-browser-3.154.0.tgz",
      "integrity": "sha512-TUuy7paVkBRQrB/XFCsL8iTW6g/ma0S3N8dYOiIMJdeTqTFryeyOGkBpYBgYFQL6zRMZpyu0jOM7GYEffGFOXw==",
      "requires": {
        "tslib": "^2.3.1"
      }
    },
    "@aws-sdk/util-body-length-node": {
      "version": "3.55.0",
      "resolved": "https://registry.npmjs.org/@aws-sdk/util-body-length-node/-/util-body-length-node-3.55.0.tgz",
      "integrity": "sha512-lU1d4I+9wJwydduXs0SxSfd+mHKjxeyd39VwOv6i2KSwWkPbji9UQqpflKLKw+r45jL7+xU/zfeTUg5Tt/3Gew==",
      "requires": {
        "tslib": "^2.3.1"
      }
    },
    "@aws-sdk/util-buffer-from": {
      "version": "3.55.0",
      "resolved": "https://registry.npmjs.org/@aws-sdk/util-buffer-from/-/util-buffer-from-3.55.0.tgz",
      "integrity": "sha512-uVzKG1UgvnV7XX2FPTylBujYMKBPBaq/qFBxfl0LVNfrty7YjpfieQxAe6yRLD+T0Kir/WDQwGvYC+tOYG3IGA==",
      "requires": {
        "@aws-sdk/is-array-buffer": "3.55.0",
        "tslib": "^2.3.1"
      }
    },
    "@aws-sdk/util-config-provider": {
      "version": "3.109.0",
      "resolved": "https://registry.npmjs.org/@aws-sdk/util-config-provider/-/util-config-provider-3.109.0.tgz",
      "integrity": "sha512-GrAZl/aBv0A28LkyNyq8SPJ5fmViCwz80fWLMeWx/6q5AbivuILogjlWwEZSvZ9zrlHOcFC0+AnCa5pQrjaslw==",
      "requires": {
        "tslib": "^2.3.1"
      }
    },
    "@aws-sdk/util-defaults-mode-browser": {
      "version": "3.162.0",
      "resolved": "https://registry.npmjs.org/@aws-sdk/util-defaults-mode-browser/-/util-defaults-mode-browser-3.162.0.tgz",
      "integrity": "sha512-BjhuriainNy0ezFqCK//380Wc4xsJJOnq1tmPlHScQxp3g8ucfClvjOUi96XQaTrEf8c8EsYp77+JNsvrHytmw==",
      "requires": {
        "@aws-sdk/property-provider": "3.162.0",
        "@aws-sdk/types": "3.162.0",
        "bowser": "^2.11.0",
        "tslib": "^2.3.1"
      }
    },
    "@aws-sdk/util-defaults-mode-node": {
      "version": "3.163.0",
      "resolved": "https://registry.npmjs.org/@aws-sdk/util-defaults-mode-node/-/util-defaults-mode-node-3.163.0.tgz",
      "integrity": "sha512-IM5BVeUXzLpb9m8qBSpUc2iO+topP1F7Ojq1GNrl5G/b22f7b1FCL5qkTem/UIXkkgI+efI7jr05xPRGiU73Hg==",
      "requires": {
        "@aws-sdk/config-resolver": "3.163.0",
        "@aws-sdk/credential-provider-imds": "3.162.0",
        "@aws-sdk/node-config-provider": "3.162.0",
        "@aws-sdk/property-provider": "3.162.0",
        "@aws-sdk/types": "3.162.0",
        "tslib": "^2.3.1"
      }
    },
    "@aws-sdk/util-hex-encoding": {
      "version": "3.109.0",
      "resolved": "https://registry.npmjs.org/@aws-sdk/util-hex-encoding/-/util-hex-encoding-3.109.0.tgz",
      "integrity": "sha512-s8CgTNrn3cLkrdiohfxLuOYPCanzvHn/aH5RW6DaMoeQiG5Hl9QUiP/WtdQ9QQx3xvpQFpmvxIaSBwSgFNLQxA==",
      "requires": {
        "tslib": "^2.3.1"
      }
    },
    "@aws-sdk/util-locate-window": {
      "version": "3.55.0",
      "resolved": "https://registry.npmjs.org/@aws-sdk/util-locate-window/-/util-locate-window-3.55.0.tgz",
      "integrity": "sha512-0sPmK2JaJE2BbTcnvybzob/VrFKCXKfN4CUKcvn0yGg/me7Bz+vtzQRB3Xp+YSx+7OtWxzv63wsvHoAnXvgxgg==",
      "requires": {
        "tslib": "^2.3.1"
      }
    },
    "@aws-sdk/util-middleware": {
      "version": "3.162.0",
      "resolved": "https://registry.npmjs.org/@aws-sdk/util-middleware/-/util-middleware-3.162.0.tgz",
      "integrity": "sha512-jDqZZ5nst+NtzvAPIQBdQqGY14Z3HeGANGm5NUoxWp8IlHnEV7GhTFDjFgubf8mgTBCzHnvbuBY1bfkzAeXWBA==",
      "requires": {
        "tslib": "^2.3.1"
      }
    },
    "@aws-sdk/util-uri-escape": {
      "version": "3.55.0",
      "resolved": "https://registry.npmjs.org/@aws-sdk/util-uri-escape/-/util-uri-escape-3.55.0.tgz",
      "integrity": "sha512-mmdDLUpFCN2nkfwlLdOM54lTD528GiGSPN1qb8XtGLgZsJUmg3uJSFIN2lPeSbEwJB3NFjVas/rnQC48i7mV8w==",
      "requires": {
        "tslib": "^2.3.1"
      }
    },
    "@aws-sdk/util-user-agent-browser": {
      "version": "3.162.0",
      "resolved": "https://registry.npmjs.org/@aws-sdk/util-user-agent-browser/-/util-user-agent-browser-3.162.0.tgz",
      "integrity": "sha512-FNmC2ywy1u3tbUSVCSkCwLvcbjIvj5EzAtF6I2wrMTI5PfaxVIQapKn2EecoVQgf4lsZqvGjyTxbl7SYvf9fxw==",
      "requires": {
        "@aws-sdk/types": "3.162.0",
        "bowser": "^2.11.0",
        "tslib": "^2.3.1"
      }
    },
    "@aws-sdk/util-user-agent-node": {
      "version": "3.162.0",
      "resolved": "https://registry.npmjs.org/@aws-sdk/util-user-agent-node/-/util-user-agent-node-3.162.0.tgz",
      "integrity": "sha512-OIbZlccBFwITDQJoymU0V+yqqyPEbJUExJzeiP9bxJ58h7Jxj/da24cxCMaVDYvjhP/PoflOmC5Xblonaeg+oQ==",
      "requires": {
        "@aws-sdk/node-config-provider": "3.162.0",
        "@aws-sdk/types": "3.162.0",
        "tslib": "^2.3.1"
      }
    },
    "@aws-sdk/util-utf8-browser": {
      "version": "3.109.0",
      "resolved": "https://registry.npmjs.org/@aws-sdk/util-utf8-browser/-/util-utf8-browser-3.109.0.tgz",
      "integrity": "sha512-FmcGSz0v7Bqpl1SE8G1Gc0CtDpug+rvqNCG/szn86JApD/f5x8oByjbEiAyTU2ZH2VevUntx6EW68ulHyH+x+w==",
      "requires": {
        "tslib": "^2.3.1"
      }
    },
    "@aws-sdk/util-utf8-node": {
      "version": "3.109.0",
      "resolved": "https://registry.npmjs.org/@aws-sdk/util-utf8-node/-/util-utf8-node-3.109.0.tgz",
      "integrity": "sha512-Ti/ZBdvz2eSTElsucjzNmzpyg2MwfD1rXmxD0hZuIF8bPON/0+sZYnWd5CbDw9kgmhy28dmKue086tbZ1G0iLQ==",
      "requires": {
        "@aws-sdk/util-buffer-from": "3.55.0",
        "tslib": "^2.3.1"
      }
    },
    "@aws-sdk/util-waiter": {
      "version": "3.162.0",
      "resolved": "https://registry.npmjs.org/@aws-sdk/util-waiter/-/util-waiter-3.162.0.tgz",
      "integrity": "sha512-RDMimLdgffkBiFjXyGO0DYjUhDisBHx5OZIaj57bCWRqvMj4lSz5+eS3fpVEZaRDFo/P3i/86lvjPEqXStTlZA==",
      "requires": {
        "@aws-sdk/abort-controller": "3.162.0",
        "@aws-sdk/types": "3.162.0",
        "tslib": "^2.3.1"
      }
    },
    "@cspotcode/source-map-support": {
      "version": "0.8.1",
      "resolved": "https://registry.npmjs.org/@cspotcode/source-map-support/-/source-map-support-0.8.1.tgz",
      "integrity": "sha512-IchNf6dN4tHoMFIn/7OE8LWZ19Y6q/67Bmf6vnGREv8RSbBVb9LPJxEcnwrcwX6ixSvaiGoomAUvu4YSxXrVgw==",
      "requires": {
        "@jridgewell/trace-mapping": "0.3.9"
      }
    },
    "@jridgewell/resolve-uri": {
      "version": "3.1.0",
      "resolved": "https://registry.npmjs.org/@jridgewell/resolve-uri/-/resolve-uri-3.1.0.tgz",
      "integrity": "sha512-F2msla3tad+Mfht5cJq7LSXcdudKTWCVYUgw6pLFOOHSTtZlj6SWNYAp+AhuqLmWdBO2X5hPrLcu8cVP8fy28w=="
    },
    "@jridgewell/sourcemap-codec": {
      "version": "1.4.14",
      "resolved": "https://registry.npmjs.org/@jridgewell/sourcemap-codec/-/sourcemap-codec-1.4.14.tgz",
      "integrity": "sha512-XPSJHWmi394fuUuzDnGz1wiKqWfo1yXecHQMRf2l6hztTO+nPru658AyDngaBe7isIxEkRsPR3FZh+s7iVa4Uw=="
    },
    "@jridgewell/trace-mapping": {
      "version": "0.3.9",
      "resolved": "https://registry.npmjs.org/@jridgewell/trace-mapping/-/trace-mapping-0.3.9.tgz",
      "integrity": "sha512-3Belt6tdc8bPgAtbcmdtNJlirVoTmEb5e2gC94PnkwEW9jI6CAHUeoG85tjWP5WquqfavoMtMwiG4P926ZKKuQ==",
      "requires": {
        "@jridgewell/resolve-uri": "^3.0.3",
        "@jridgewell/sourcemap-codec": "^1.4.10"
      }
    },
    "@tsconfig/node10": {
      "version": "1.0.9",
      "resolved": "https://registry.npmjs.org/@tsconfig/node10/-/node10-1.0.9.tgz",
      "integrity": "sha512-jNsYVVxU8v5g43Erja32laIDHXeoNvFEpX33OK4d6hljo3jDhCBDhx5dhCCTMWUojscpAagGiRkBKxpdl9fxqA=="
    },
    "@tsconfig/node12": {
      "version": "1.0.11",
      "resolved": "https://registry.npmjs.org/@tsconfig/node12/-/node12-1.0.11.tgz",
      "integrity": "sha512-cqefuRsh12pWyGsIoBKJA9luFu3mRxCA+ORZvA4ktLSzIuCUtWVxGIuXigEwO5/ywWFMZ2QEGKWvkZG1zDMTag=="
    },
    "@tsconfig/node14": {
      "version": "1.0.3",
      "resolved": "https://registry.npmjs.org/@tsconfig/node14/-/node14-1.0.3.tgz",
      "integrity": "sha512-ysT8mhdixWK6Hw3i1V2AeRqZ5WfXg1G43mqoYlM2nc6388Fq5jcXyr5mRsqViLx/GJYdoL0bfXD8nmF+Zn/Iow=="
    },
    "@tsconfig/node16": {
      "version": "1.0.3",
      "resolved": "https://registry.npmjs.org/@tsconfig/node16/-/node16-1.0.3.tgz",
      "integrity": "sha512-yOlFc+7UtL/89t2ZhjPvvB/DeAr3r+Dq58IgzsFkOAvVC6NMJXmCGjbptdXdR9qsX7pKcTL+s87FtYREi2dEEQ=="
    },
    "@types/node": {
      "version": "18.7.14",
      "resolved": "https://registry.npmjs.org/@types/node/-/node-18.7.14.tgz",
      "integrity": "sha512-6bbDaETVi8oyIARulOE9qF1/Qdi/23z6emrUh0fNJRUmjznqrixD4MpGDdgOFk5Xb0m2H6Xu42JGdvAxaJR/wA=="
    },
    "@types/node-fetch": {
      "version": "2.6.2",
      "resolved": "https://registry.npmjs.org/@types/node-fetch/-/node-fetch-2.6.2.tgz",
      "integrity": "sha512-DHqhlq5jeESLy19TYhLakJ07kNumXWjcDdxXsLUMJZ6ue8VZJj4kLPQVE/2mdHh3xZziNF1xppu5lwmS53HR+A==",
      "requires": {
        "@types/node": "*",
        "form-data": "^3.0.0"
      },
      "dependencies": {
        "form-data": {
          "version": "3.0.1",
          "resolved": "https://registry.npmjs.org/form-data/-/form-data-3.0.1.tgz",
          "integrity": "sha512-RHkBKtLWUVwd7SqRIvCZMEvAMoGUp0XU+seQiZejj0COz3RI3hWP4sCv3gZWWLjJTd7rGwcsF5eKZGii0r/hbg==",
          "requires": {
            "asynckit": "^0.4.0",
            "combined-stream": "^1.0.8",
            "mime-types": "^2.1.12"
          }
        }
      }
    },
    "acorn": {
      "version": "8.8.0",
      "resolved": "https://registry.npmjs.org/acorn/-/acorn-8.8.0.tgz",
      "integrity": "sha512-QOxyigPVrpZ2GXT+PFyZTl6TtOFc5egxHIP9IlQ+RbupQuX4RkT/Bee4/kQuC02Xkzg84JcT7oLYtDIQxp+v7w=="
    },
    "acorn-walk": {
      "version": "8.2.0",
      "resolved": "https://registry.npmjs.org/acorn-walk/-/acorn-walk-8.2.0.tgz",
      "integrity": "sha512-k+iyHEuPgSw6SbuDpGQM+06HQUa04DZ3o+F6CSzXMvvI5KMvnaEqXe+YVe555R9nn6GPt404fos4wcgpw12SDA=="
    },
    "arg": {
      "version": "4.1.3",
      "resolved": "https://registry.npmjs.org/arg/-/arg-4.1.3.tgz",
      "integrity": "sha512-58S9QDqG0Xx27YwPSt9fJxivjYl432YCwfDMfZ+71RAqUrZef7LrKQZ3LHLOwCS4FLNBplP533Zx895SeOCHvA=="
    },
    "asynckit": {
      "version": "0.4.0",
      "resolved": "https://registry.npmjs.org/asynckit/-/asynckit-0.4.0.tgz",
      "integrity": "sha512-Oei9OH4tRh0YqU3GxhX79dM/mwVgvbZJaSNaRk+bshkj0S5cfHcgYakreBjrHwatXKbz+IoIdYLxrKim2MjW0Q=="
    },
    "bowser": {
      "version": "2.11.0",
      "resolved": "https://registry.npmjs.org/bowser/-/bowser-2.11.0.tgz",
      "integrity": "sha512-AlcaJBi/pqqJBIQ8U9Mcpc9i8Aqxn88Skv5d+xBX006BY5u8N3mGLHa5Lgppa7L/HfwgwLgZ6NYs+Ag6uUmJRA=="
    },
    "combined-stream": {
      "version": "1.0.8",
      "resolved": "https://registry.npmjs.org/combined-stream/-/combined-stream-1.0.8.tgz",
      "integrity": "sha512-FQN4MRfuJeHf7cBbBMJFXhKSDq+2kAArBlmRBvcvFE5BB1HZKXtSFASDhdlz9zOYwxh8lDdnvmMOe/+5cdoEdg==",
      "requires": {
        "delayed-stream": "~1.0.0"
      }
    },
    "create-require": {
      "version": "1.1.1",
      "resolved": "https://registry.npmjs.org/create-require/-/create-require-1.1.1.tgz",
      "integrity": "sha512-dcKFX3jn0MpIaXjisoRvexIJVEKzaq7z2rZKxf+MSr9TkdmHmsU4m2lcLojrj/FHl8mk5VxMmYA+ftRkP/3oKQ=="
    },
    "delayed-stream": {
      "version": "1.0.0",
      "resolved": "https://registry.npmjs.org/delayed-stream/-/delayed-stream-1.0.0.tgz",
      "integrity": "sha512-ZySD7Nf91aLB0RxL4KGrKHBXl7Eds1DAmEdcoVawXnLD7SDhpNgtuII2aAkg7a7QS41jxPSZ17p4VdGnMHk3MQ=="
    },
    "diff": {
      "version": "4.0.2",
      "resolved": "https://registry.npmjs.org/diff/-/diff-4.0.2.tgz",
      "integrity": "sha512-58lmxKSA4BNyLz+HHMUzlOEpg09FV+ev6ZMe3vJihgdxzgcwZ8VoEEPmALCZG9LmqfVoNMMKpttIYTVG6uDY7A=="
    },
    "entities": {
      "version": "2.2.0",
      "resolved": "https://registry.npmjs.org/entities/-/entities-2.2.0.tgz",
      "integrity": "sha512-p92if5Nz619I0w+akJrLZH0MX0Pb5DX39XOwQTtXSdQQOaYH03S1uIQp4mhOZtAXrxq4ViO67YTiLBo2638o9A=="
    },
    "fast-xml-parser": {
      "version": "3.19.0",
      "resolved": "https://registry.npmjs.org/fast-xml-parser/-/fast-xml-parser-3.19.0.tgz",
      "integrity": "sha512-4pXwmBplsCPv8FOY1WRakF970TjNGnGnfbOnLqjlYvMiF1SR3yOHyxMR/YCXpPTOspNF5gwudqktIP4VsWkvBg=="
    },
    "form-data": {
      "version": "4.0.0",
      "resolved": "https://registry.npmjs.org/form-data/-/form-data-4.0.0.tgz",
      "integrity": "sha512-ETEklSGi5t0QMZuiXoA/Q6vcnxcLQP5vdugSpuAyi6SVGi2clPPp+xgEhuMaHC+zGgn31Kd235W35f7Hykkaww==",
      "requires": {
        "asynckit": "^0.4.0",
        "combined-stream": "^1.0.8",
        "mime-types": "^2.1.12"
      }
    },
    "make-error": {
      "version": "1.3.6",
      "resolved": "https://registry.npmjs.org/make-error/-/make-error-1.3.6.tgz",
      "integrity": "sha512-s8UhlNe7vPKomQhC1qFelMokr/Sc3AgNbso3n74mVPA5LTZwkB9NlXf4XPamLxJE8h0gh73rM94xvwRT2CVInw=="
    },
    "mime-db": {
      "version": "1.52.0",
      "resolved": "https://registry.npmjs.org/mime-db/-/mime-db-1.52.0.tgz",
      "integrity": "sha512-sPU4uV7dYlvtWJxwwxHD0PuihVNiE7TyAbQ5SWxDCB9mUYvOgroQOwYQQOKPJ8CIbE+1ETVlOoK1UC2nU3gYvg=="
    },
    "mime-types": {
      "version": "2.1.35",
      "resolved": "https://registry.npmjs.org/mime-types/-/mime-types-2.1.35.tgz",
      "integrity": "sha512-ZDY+bPm5zTTF+YpCrAU9nK0UgICYPT0QtT1NZWFv4s++TNkcgVaT0g6+4R2uI4MjQjzysHB1zxuWL50hzaeXiw==",
      "requires": {
        "mime-db": "1.52.0"
      }
    },
    "mnemonist": {
      "version": "0.38.3",
      "resolved": "https://registry.npmjs.org/mnemonist/-/mnemonist-0.38.3.tgz",
      "integrity": "sha512-2K9QYubXx/NAjv4VLq1d1Ly8pWNC5L3BrixtdkyTegXWJIqY+zLNDhhX/A+ZwWt70tB1S8H4BE8FLYEFyNoOBw==",
      "requires": {
        "obliterator": "^1.6.1"
      }
    },
    "node-fetch": {
      "version": "2.6.7",
      "resolved": "https://registry.npmjs.org/node-fetch/-/node-fetch-2.6.7.tgz",
      "integrity": "sha512-ZjMPFEfVx5j+y2yF35Kzx5sF7kDzxuDj6ziH4FFbOp87zKDZNx8yExJIb05OGF4Nlt9IHFIMBkRl41VdvcNdbQ==",
      "requires": {
        "whatwg-url": "^5.0.0"
      }
    },
    "obliterator": {
      "version": "1.6.1",
      "resolved": "https://registry.npmjs.org/obliterator/-/obliterator-1.6.1.tgz",
      "integrity": "sha512-9WXswnqINnnhOG/5SLimUlzuU1hFJUc8zkwyD59Sd+dPOMf05PmnYG/d6Q7HZ+KmgkZJa1PxRso6QdM3sTNHig=="
    },
    "tr46": {
      "version": "0.0.3",
      "resolved": "https://registry.npmjs.org/tr46/-/tr46-0.0.3.tgz",
      "integrity": "sha512-N3WMsuqV66lT30CrXNbEjx4GEwlow3v6rr4mCcv6prnfwhS01rkgyFdjPNBYd9br7LpXV1+Emh01fHnq2Gdgrw=="
    },
    "ts-node": {
      "version": "10.9.1",
      "resolved": "https://registry.npmjs.org/ts-node/-/ts-node-10.9.1.tgz",
      "integrity": "sha512-NtVysVPkxxrwFGUUxGYhfux8k78pQB3JqYBXlLRZgdGUqTO5wU/UyHop5p70iEbGhB7q5KmiZiU0Y3KlJrScEw==",
      "requires": {
        "@cspotcode/source-map-support": "^0.8.0",
        "@tsconfig/node10": "^1.0.7",
        "@tsconfig/node12": "^1.0.7",
        "@tsconfig/node14": "^1.0.0",
        "@tsconfig/node16": "^1.0.2",
        "acorn": "^8.4.1",
        "acorn-walk": "^8.1.1",
        "arg": "^4.1.0",
        "create-require": "^1.1.0",
        "diff": "^4.0.1",
        "make-error": "^1.1.1",
        "v8-compile-cache-lib": "^3.0.1",
        "yn": "3.1.1"
      }
    },
    "tslib": {
      "version": "2.4.0",
      "resolved": "https://registry.npmjs.org/tslib/-/tslib-2.4.0.tgz",
      "integrity": "sha512-d6xOpEDfsi2CZVlPQzGeux8XMwLT9hssAsaPYExaQMuYskwb+x1x7J371tWlbBdWHroy99KnVB6qIkUbs5X3UQ=="
    },
    "typescript": {
      "version": "4.8.2",
      "resolved": "https://registry.npmjs.org/typescript/-/typescript-4.8.2.tgz",
      "integrity": "sha512-C0I1UsrrDHo2fYI5oaCGbSejwX4ch+9Y5jTQELvovfmFkK3HHSZJB8MSJcWLmCUBzQBchCrZ9rMRV6GuNrvGtw=="
    },
    "uuid": {
      "version": "8.3.2",
      "resolved": "https://registry.npmjs.org/uuid/-/uuid-8.3.2.tgz",
      "integrity": "sha512-+NYs2QeMWy+GWFOEm9xnn6HCDp0l7QBD7ml8zLUmJ+93Q5NF0NocErnwkTkXVFNiX3/fpC6afS8Dhb/gz7R7eg=="
    },
    "v8-compile-cache-lib": {
      "version": "3.0.1",
      "resolved": "https://registry.npmjs.org/v8-compile-cache-lib/-/v8-compile-cache-lib-3.0.1.tgz",
      "integrity": "sha512-wa7YjyUGfNZngI/vtK0UHAN+lgDCxBPCylVXGp0zu59Fz5aiGtNXaq3DhIov063MorB+VfufLh3JlF2KdTK3xg=="
    },
    "webidl-conversions": {
      "version": "3.0.1",
      "resolved": "https://registry.npmjs.org/webidl-conversions/-/webidl-conversions-3.0.1.tgz",
      "integrity": "sha512-2JAn3z8AR6rjK8Sm8orRC0h/bcl/DqL7tRPdGZ4I1CjdF+EaMLmYxBHyXuKL849eucPFhvBoxMsflfOb8kxaeQ=="
    },
    "whatwg-url": {
      "version": "5.0.0",
      "resolved": "https://registry.npmjs.org/whatwg-url/-/whatwg-url-5.0.0.tgz",
      "integrity": "sha512-saE57nupxk6v3HY35+jzBwYa0rKSy0XR8JSxZPwgLr7ys0IBzhGviA1/TUGJLmSVqs8pb9AnvICXEuOHLprYTw==",
      "requires": {
        "tr46": "~0.0.3",
        "webidl-conversions": "^3.0.0"
      }
    },
    "yn": {
      "version": "3.1.1",
      "resolved": "https://registry.npmjs.org/yn/-/yn-3.1.1.tgz",
      "integrity": "sha512-Ux4ygGWsu2c7isFWe8Yu1YluJmqVhxqK2cLXNQA5AcC3QfbGNpM7fu0Y8b/z16pXLnFxZYvWhd3fhBY9DLmC6Q=="
    }
  }
}
